
Microsoft Visual Studio Solution File, Format Version 12.00
# Visual Studio Version 18
VisualStudioVersion = 18.5.11709.299 stable
MinimumVisualStudioVersion = 10.0.40219.1
Project("{FAE04EC0-301F-11D3-BF4B-00C04F79EFBC}") = "Smart_Stay_Awake", "src\Smart_Stay_Awake.csproj", "{0758E005-8285-6027-64AC-96BE441301CA}"
EndProject
Global
	GlobalSection(SolutionConfigurationPlatforms) = preSolution
		Debug|x64 = Debug|x64
		Release|x64 = Release|x64
	EndGlobalSection
	GlobalSection(ProjectConfigurationPlatforms) = postSolution
		{0758E005-8285-6027-64AC-96BE441301CA}.Debug|x64.ActiveCfg = Debug|x64
		{0758E005-8285-6027-64AC-96BE441301CA}.Debug|x64.Build.0 = Debug|x64
		{0758E005-8285-6027-64AC-96BE441301CA}.Release|x64.ActiveCfg = Release|x64
		{0758E005-8285-6027-64AC-96BE441301CA}.Release|x64.Build.0 = Release|x64
	EndGlobalSection
	GlobalSection(SolutionProperties) = preSolution
		HideSolutionNode = FALSE
	EndGlobalSection
	GlobalSection(ExtensibilityGlobals) = postSolution
		SolutionGuid = {51398D0A-8382-433E-BAE3-5DC565B59BED}
	EndGlobalSection
EndGlobal
